
Microsoft Visual Studio Solution File, Format Version 12.00
# Visual Studio Version 17
VisualStudioVersion = 17.6.33829.357
MinimumVisualStudioVersion = 10.0.40219.1
Project("{9A19103F-16F7-4668-BE54-9A1E7A4F7556}") = "ESGameManager", "ESGameManager\ESGameManager.csproj", "{FEC2BE2A-F622-41C7-9017-7FA2A76945E1}"
EndProject
Project("{2150E333-8FDC-42A3-9474-1A3956D46DE8}") = "Solution Items", "Solution Items", "{3E4F80AD-1026-4ABC-90E0-99D724E089ED}"
	ProjectSection(SolutionItems) = preProject
		.editorconfig = .editorconfig
		README.md = README.md
	EndProjectSection
EndProject
Project("{9A19103F-16F7-4668-BE54-9A1E7A4F7556}") = "ESGameManagerLibrary", "ESGameManagerLibrary\ESGameManagerLibrary.csproj", "{9DE9AC64-8919-4D13-969B-E45C47710F2F}"
EndProject
Project("{54435603-DBB4-11D2-8724-00A0C9A8B90C}") = "ESGameManagerSetup", "ESGameManagerSetup\ESGameManagerSetup.vdproj", "{FAB1E2DA-8704-4EB5-88C8-0C699393EB80}"
EndProject
Global
	GlobalSection(SolutionConfigurationPlatforms) = preSolution
		Debug|Any CPU = Debug|Any CPU
		Release|Any CPU = Release|Any CPU
	EndGlobalSection
	GlobalSection(ProjectConfigurationPlatforms) = postSolution
		{FEC2BE2A-F622-41C7-9017-7FA2A76945E1}.Debug|Any CPU.ActiveCfg = Debug|Any CPU
		{FEC2BE2A-F622-41C7-9017-7FA2A76945E1}.Debug|Any CPU.Build.0 = Debug|Any CPU
		{FEC2BE2A-F622-41C7-9017-7FA2A76945E1}.Release|Any CPU.ActiveCfg = Release|Any CPU
		{FEC2BE2A-F622-41C7-9017-7FA2A76945E1}.Release|Any CPU.Build.0 = Release|Any CPU
		{9DE9AC64-8919-4D13-969B-E45C47710F2F}.Debug|Any CPU.ActiveCfg = Debug|Any CPU
		{9DE9AC64-8919-4D13-969B-E45C47710F2F}.Debug|Any CPU.Build.0 = Debug|Any CPU
		{9DE9AC64-8919-4D13-969B-E45C47710F2F}.Release|Any CPU.ActiveCfg = Release|Any CPU
		{9DE9AC64-8919-4D13-969B-E45C47710F2F}.Release|Any CPU.Build.0 = Release|Any CPU
		{FAB1E2DA-8704-4EB5-88C8-0C699393EB80}.Debug|Any CPU.ActiveCfg = Debug
		{FAB1E2DA-8704-4EB5-88C8-0C699393EB80}.Release|Any CPU.ActiveCfg = Release
	EndGlobalSection
	GlobalSection(SolutionProperties) = preSolution
		HideSolutionNode = FALSE
	EndGlobalSection
	GlobalSection(ExtensibilityGlobals) = postSolution
		SolutionGuid = {0F578BF2-A8A2-457C-9BBD-0F23E851326D}
	EndGlobalSection
EndGlobal
